{
  "name": "zibadent",
  "lockfileVersion": 3,
  "requires": true,
  "packages": {
    "": {
      "dependencies": {
        "@majidh1/jalalidatepicker": "^0.9.12"
      }
    },
    "node_modules/@majidh1/jalalidatepicker": {
      "version": "0.9.12",
      "resolved": "https://registry.npmjs.org/@majidh1/jalalidatepicker/-/jalalidatepicker-0.9.12.tgz",
      "integrity": "sha512-KsQ8yEXQph46CLeKxhrUvdYxD3now5EvhulDWlAOnV5YZKwX8PHcEBUy0EZUxDBgN54H9n31uy2kBMARgi7OWA==",
      "license": "MIT"
    }
  }
}
